
Microsoft Visual Studio Solution File, Format Version 12.00
# Visual Studio 2012
Project("{FAE04EC0-301F-11D3-BF4B-00C04F79EFBC}") = "Week3ch", "Week3ch\Week3ch.csproj", "{942FD319-57B4-4E9C-920F-6EC8EDC97DBE}"
EndProject
Global
	GlobalSection(SolutionConfigurationPlatforms) = preSolution
		Debug|Any CPU = Debug|Any CPU
		Release|Any CPU = Release|Any CPU
	EndGlobalSection
	GlobalSection(ProjectConfigurationPlatforms) = postSolution
		{942FD319-57B4-4E9C-920F-6EC8EDC97DBE}.Debug|Any CPU.ActiveCfg = Debug|Any CPU
		{942FD319-57B4-4E9C-920F-6EC8EDC97DBE}.Debug|Any CPU.Build.0 = Debug|Any CPU
		{942FD319-57B4-4E9C-920F-6EC8EDC97DBE}.Release|Any CPU.ActiveCfg = Release|Any CPU
		{942FD319-57B4-4E9C-920F-6EC8EDC97DBE}.Release|Any CPU.Build.0 = Release|Any CPU
	EndGlobalSection
	GlobalSection(SolutionProperties) = preSolution
		HideSolutionNode = FALSE
	EndGlobalSection
EndGlobal
